
Microsoft Visual Studio Solution File, Format Version 12.00
# Visual Studio Version 16
VisualStudioVersion = 16.0.31205.134
MinimumVisualStudioVersion = 10.0.40219.1
Project("{FAE04EC0-301F-11D3-BF4B-00C04F79EFBC}") = "SeleniumTestBuddy", "SeleniumTestBuddy\SeleniumTestBuddy.csproj", "{E4473EFC-C16C-4245-8E17-F8460E1CB14F}"
EndProject
Global
	GlobalSection(SolutionConfigurationPlatforms) = preSolution
		Debug|Any CPU = Debug|Any CPU
		Release|Any CPU = Release|Any CPU
	EndGlobalSection
	GlobalSection(ProjectConfigurationPlatforms) = postSolution
		{E4473EFC-C16C-4245-8E17-F8460E1CB14F}.Debug|Any CPU.ActiveCfg = Debug|Any CPU
		{E4473EFC-C16C-4245-8E17-F8460E1CB14F}.Debug|Any CPU.Build.0 = Debug|Any CPU
		{E4473EFC-C16C-4245-8E17-F8460E1CB14F}.Release|Any CPU.ActiveCfg = Release|Any CPU
		{E4473EFC-C16C-4245-8E17-F8460E1CB14F}.Release|Any CPU.Build.0 = Release|Any CPU
	EndGlobalSection
	GlobalSection(SolutionProperties) = preSolution
		HideSolutionNode = FALSE
	EndGlobalSection
	GlobalSection(ExtensibilityGlobals) = postSolution
		SolutionGuid = {F7DE70AE-86E9-477E-BD25-A04ED6F8A327}
	EndGlobalSection
EndGlobal
